
Microsoft Visual Studio Solution File, Format Version 12.00
# Visual Studio Version 17
VisualStudioVersion = 17.0.31903.59
MinimumVisualStudioVersion = 10.0.40219.1
Project("{FAE04EC0-301F-11D3-BF4B-00C04F79EFBC}") = "API", "API\API.csproj", "{E65ECE44-70DB-4140-8373-25BFE692C4CE}"
EndProject
Project("{FAE04EC0-301F-11D3-BF4B-00C04F79EFBC}") = "Application", "Application\Application.csproj", "{61C727B2-0B62-49C2-A2F6-98A0E406E5CE}"
EndProject
Project("{FAE04EC0-301F-11D3-BF4B-00C04F79EFBC}") = "Domain", "Domain\Domain.csproj", "{9841FD10-11A9-4FDF-B378-C59466CAFAED}"
EndProject
Project("{FAE04EC0-301F-11D3-BF4B-00C04F79EFBC}") = "Persistence", "Persistence\Persistence.csproj", "{241FABEB-D9D8-4D4E-8FE1-317F125B06E6}"
EndProject
Global
	GlobalSection(SolutionConfigurationPlatforms) = preSolution
		Debug|Any CPU = Debug|Any CPU
		Release|Any CPU = Release|Any CPU
	EndGlobalSection
	GlobalSection(SolutionProperties) = preSolution
		HideSolutionNode = FALSE
	EndGlobalSection
	GlobalSection(ProjectConfigurationPlatforms) = postSolution
		{E65ECE44-70DB-4140-8373-25BFE692C4CE}.Debug|Any CPU.ActiveCfg = Debug|Any CPU
		{E65ECE44-70DB-4140-8373-25BFE692C4CE}.Debug|Any CPU.Build.0 = Debug|Any CPU
		{E65ECE44-70DB-4140-8373-25BFE692C4CE}.Release|Any CPU.ActiveCfg = Release|Any CPU
		{E65ECE44-70DB-4140-8373-25BFE692C4CE}.Release|Any CPU.Build.0 = Release|Any CPU
		{61C727B2-0B62-49C2-A2F6-98A0E406E5CE}.Debug|Any CPU.ActiveCfg = Debug|Any CPU
		{61C727B2-0B62-49C2-A2F6-98A0E406E5CE}.Debug|Any CPU.Build.0 = Debug|Any CPU
		{61C727B2-0B62-49C2-A2F6-98A0E406E5CE}.Release|Any CPU.ActiveCfg = Release|Any CPU
		{61C727B2-0B62-49C2-A2F6-98A0E406E5CE}.Release|Any CPU.Build.0 = Release|Any CPU
		{9841FD10-11A9-4FDF-B378-C59466CAFAED}.Debug|Any CPU.ActiveCfg = Debug|Any CPU
		{9841FD10-11A9-4FDF-B378-C59466CAFAED}.Debug|Any CPU.Build.0 = Debug|Any CPU
		{9841FD10-11A9-4FDF-B378-C59466CAFAED}.Release|Any CPU.ActiveCfg = Release|Any CPU
		{9841FD10-11A9-4FDF-B378-C59466CAFAED}.Release|Any CPU.Build.0 = Release|Any CPU
		{241FABEB-D9D8-4D4E-8FE1-317F125B06E6}.Debug|Any CPU.ActiveCfg = Debug|Any CPU
		{241FABEB-D9D8-4D4E-8FE1-317F125B06E6}.Debug|Any CPU.Build.0 = Debug|Any CPU
		{241FABEB-D9D8-4D4E-8FE1-317F125B06E6}.Release|Any CPU.ActiveCfg = Release|Any CPU
		{241FABEB-D9D8-4D4E-8FE1-317F125B06E6}.Release|Any CPU.Build.0 = Release|Any CPU
	EndGlobalSection
EndGlobal
